
Microsoft Visual Studio Solution File, Format Version 12.00
# Visual Studio Version 17
VisualStudioVersion = 17.11.35208.52
MinimumVisualStudioVersion = 10.0.40219.1
Project("{FAE04EC0-301F-11D3-BF4B-00C04F79EFBC}") = "NukesGoBrrr", "NukesGoBrrr.csproj", "{E024D4E4-351C-41B8-B279-43773FF8BB64}"
EndProject
Global
	GlobalSection(SolutionConfigurationPlatforms) = preSolution
		Debug|Any CPU = Debug|Any CPU
		Release|Any CPU = Release|Any CPU
	EndGlobalSection
	GlobalSection(ProjectConfigurationPlatforms) = postSolution
		{E024D4E4-351C-41B8-B279-43773FF8BB64}.Debug|Any CPU.ActiveCfg = Debug|Any CPU
		{E024D4E4-351C-41B8-B279-43773FF8BB64}.Debug|Any CPU.Build.0 = Debug|Any CPU
		{E024D4E4-351C-41B8-B279-43773FF8BB64}.Release|Any CPU.ActiveCfg = Release|Any CPU
		{E024D4E4-351C-41B8-B279-43773FF8BB64}.Release|Any CPU.Build.0 = Release|Any CPU
	EndGlobalSection
	GlobalSection(SolutionProperties) = preSolution
		HideSolutionNode = FALSE
	EndGlobalSection
	GlobalSection(ExtensibilityGlobals) = postSolution
		SolutionGuid = {710C8D6B-2FE8-4EB1-97CB-4E2FC3F3D1C3}
	EndGlobalSection
EndGlobal
